// !$*UTF8*$!
{
	archiveVersion = 1;
	classes = {
	};
	objectVersion = 46;
	objects = {

/* Begin PBXBuildFile section */
		AD3EC98B1C6D54B600A48753 /* AppDelegate.swift in Sources */ = {isa = PBXBuildFile; fileRef = AD3EC98A1C6D54B600A48753 /* AppDelegate.swift */; };
		AD3EC98D1C6D54B600A48753 /* ViewController.swift in Sources */ = {isa = PBXBuildFile; fileRef = AD3EC98C1C6D54B600A48753 /* ViewController.swift */; };
		AD3EC9901C6D54B600A48753 /* Main.storyboard in Resources */ = {isa = PBXBuildFile; fileRef = AD3EC98E1C6D54B600A48753 /* Main.storyboard */; };
		AD3EC9921C6D54B600A48753 /* Assets.xcassets in Resources */ = {isa = PBXBuildFile; fileRef = AD3EC9911C6D54B600A48753 /* Assets.xcassets */; };
		AD3EC9951C6D54B600A48753 /* LaunchScreen.storyboard in Resources */ = {isa = PBXBuildFile; fileRef = AD3EC9931C6D54B600A48753 /* LaunchScreen.storyboard */; };
		AD3EC9A01C6D54B600A48753 /* ejem1ploTests.swift in Sources */ = {isa = PBXBuildFile; fileRef = AD3EC99F1C6D54B600A48753 /* ejem1ploTests.swift */; };
		AD3EC9AB1C6D54B600A48753 /* ejem1ploUITests.swift in Sources */ = {isa = PBXBuildFile; fileRef = AD3EC9AA1C6D54B600A48753 /* ejem1ploUITests.swift */; };
/* End PBXBuildFile section */

/* Begin PBXContainerItemProxy section */
		AD3EC99C1C6D54B600A48753 /* PBXContainerItemProxy */ = {
			isa = PBXContainerItemProxy;
			containerPortal = AD3EC97F1C6D54B600A48753 /* Project object */;
			proxyType = 1;
			remoteGlobalIDString = AD3EC9861C6D54B600A48753;
			remoteInfo = ejem1plo;
		};
		AD3EC9A71C6D54B600A48753 /* PBXContainerItemProxy */ = {
			isa = PBXContainerItemProxy;
			containerPortal = AD3EC97F1C6D54B600A48753 /* Project object */;
			proxyType = 1;
			remoteGlobalIDString = AD3EC9861C6D54B600A48753;
			remoteInfo = ejem1plo;
		};
/* End PBXContainerItemProxy section */

/* Begin PBXFileReference section */
		AD3EC9871C6D54B600A48753 /* ejem1plo.app */ = {isa = PBXFileReference; explicitFileType = wrapper.application; includeInIndex = 0; path = ejem1plo.app; sourceTree = BUILT_PRODUCTS_DIR; };
		AD3EC98A1C6D54B600A48753 /* AppDelegate.swift */ = {isa = PBXFileReference; lastKnownFileType = sourcecode.swift; path = AppDelegate.swift; sourceTree = "<group>"; };
		AD3EC98C1C6D54B600A48753 /* ViewController.swift */ = {isa = PBXFileReference; lastKnownFileType = sourcecode.swift; path = ViewController.swift; sourceTree = "<group>"; };
		AD3EC98F1C6D54B600A48753 /* Base */ = {isa = PBXFileReference; lastKnownFileType = file.storyboard; name = Base; path = Base.lproj/Main.storyboard; sourceTree = "<group>"; };
		AD3EC9911C6D54B600A48753 /* Assets.xcassets */ = {isa = PBXFileReference; lastKnownFileType = folder.assetcatalog; path = Assets.xcassets; sourceTree = "<group>"; };
		AD3EC9941C6D54B600A48753 /* Base */ = {isa = PBXFileReference; lastKnownFileType = file.storyboard; name = Base; path = Base.lproj/LaunchScreen.storyboard; sourceTree = "<group>"; };
		AD3EC9961C6D54B600A48753 /* Info.plist */ = {isa = PBXFileReference; lastKnownFileType = text.plist.xml; path = Info.plist; sourceTree = "<group>"; };
		AD3EC99B1C6D54B600A48753 /* ejem1ploTests.xctest */ = {isa = PBXFileReference; explicitFileType = wrapper.cfbundle; includeInIndex = 0; path = ejem1ploTests.xctest; sourceTree = BUILT_PRODUCTS_DIR; };
		AD3EC99F1C6D54B600A48753 /* ejem1ploTests.swift */ = {isa = PBXFileReference; lastKnownFileType = sourcecode.swift; path = ejem1ploTests.swift; sourceTree = "<group>"; };
		AD3EC9A11C6D54B600A48753 /* Info.plist */ = {isa = PBXFileReference; lastKnownFileType = text.plist.xml; path = Info.plist; sourceTree = "<group>"; };
		AD3EC9A61C6D54B600A48753 /* ejem1ploUITests.xctest */ = {isa = PBXFileReference; explicitFileType = wrapper.cfbundle; includeInIndex = 0; path = ejem1ploUITests.xctest; sourceTree = BUILT_PRODUCTS_DIR; };
		AD3EC9AA1C6D54B600A48753 /* ejem1ploUITests.swift */ = {isa = PBXFileReference; lastKnownFileType = sourcecode.swift; path = ejem1ploUITests.swift; sourceTree = "<group>"; };
		AD3EC9AC1C6D54B600A48753 /* Info.plist */ = {isa = PBXFileReference; lastKnownFileType = text.plist.xml; path = Info.plist; sourceTree = "<group>"; };
/* End PBXFileReference section */

/* Begin PBXFrameworksBuildPhase section */
		AD3EC9841C6D54B600A48753 /* Frameworks */ = {
			isa = PBXFrameworksBuildPhase;
			buildActionMask = 2147483647;
			files = (
			);
			runOnlyForDeploymentPostprocessing = 0;
		};
		AD3EC9981C6D54B600A48753 /* Frameworks */ = {
			isa = PBXFrameworksBuildPhase;
			buildActionMask = 2147483647;
			files = (
			);
			runOnlyForDeploymentPostprocessing = 0;
		};
		AD3EC9A31C6D54B600A48753 /* Frameworks */ = {
			isa = PBXFrameworksBuildPhase;
			buildActionMask = 2147483647;
			files = (
			);
			runOnlyForDeploymentPostprocessing = 0;
		};
/* End PBXFrameworksBuildPhase section */

/* Begin PBXGroup section */
		AD3EC97E1C6D54B600A48753 = {
			isa = PBXGroup;
			children = (
				AD3EC9891C6D54B600A48753 /* ejem1plo */,
				AD3EC99E1C6D54B600A48753 /* ejem1ploTests */,
				AD3EC9A91C6D54B600A48753 /* ejem1ploUITests */,
				AD3EC9881C6D54B600A48753 /* Products */,
			);
			sourceTree = "<group>";
		};
		AD3EC9881C6D54B600A48753 /* Products */ = {
			isa = PBXGroup;
			children = (
				AD3EC9871C6D54B600A48753 /* ejem1plo.app */,
				AD3EC99B1C6D54B600A48753 /* ejem1ploTests.xctest */,
				AD3EC9A61C6D54B600A48753 /* ejem1ploUITests.xctest */,
			);
			name = Products;
			sourceTree = "<group>";
		};
		AD3EC9891C6D54B600A48753 /* ejem1plo */ = {
			isa = PBXGroup;
			children = (
				AD3EC98A1C6D54B600A48753 /* AppDelegate.swift */,
				AD3EC98C1C6D54B600A48753 /* ViewController.swift */,
				AD3EC98E1C6D54B600A48753 /* Main.storyboard */,
				AD3EC9911C6D54B600A48753 /* Assets.xcassets */,
				AD3EC9931C6D54B600A48753 /* LaunchScreen.storyboard */,
				AD3EC9961C6D54B600A48753 /* Info.plist */,
			);
			path = ejem1plo;
			sourceTree = "<group>";
		};
		AD3EC99E1C6D54B600A48753 /* ejem1ploTests */ = {
			isa = PBXGroup;
			children = (
				AD3EC99F1C6D54B600A48753 /* ejem1ploTests.swift */,
				AD3EC9A11C6D54B600A48753 /* Info.plist */,
			);
			path = ejem1ploTests;
			sourceTree = "<group>";
		};
		AD3EC9A91C6D54B600A48753 /* ejem1ploUITests */ = {
			isa = PBXGroup;
			children = (
				AD3EC9AA1C6D54B600A48753 /* ejem1ploUITests.swift */,
				AD3EC9AC1C6D54B600A48753 /* Info.plist */,
			);
			path = ejem1ploUITests;
			sourceTree = "<group>";
		};
/* End PBXGroup section */

/* Begin PBXNativeTarget section */
		AD3EC9861C6D54B600A48753 /* ejem1plo */ = {
			isa = PBXNativeTarget;
			buildConfigurationList = AD3EC9AF1C6D54B600A48753 /* Build configuration list for PBXNativeTarget "ejem1plo" */;
			buildPhases = (
				AD3EC9831C6D54B600A48753 /* Sources */,
				AD3EC9841C6D54B600A48753 /* Frameworks */,
				AD3EC9851C6D54B600A48753 /* Resources */,
			);
			buildRules = (
			);
			dependencies = (
			);
			name = ejem1plo;
			productName = ejem1plo;
			productReference = AD3EC9871C6D54B600A48753 /* ejem1plo.app */;
			productType = "com.apple.product-type.application";
		};
		AD3EC99A1C6D54B600A48753 /* ejem1ploTests */ = {
			isa = PBXNativeTarget;
			buildConfigurationList = AD3EC9B21C6D54B600A48753 /* Build configuration list for PBXNativeTarget "ejem1ploTests" */;
			buildPhases = (
				AD3EC9971C6D54B600A48753 /* Sources */,
				AD3EC9981C6D54B600A48753 /* Frameworks */,
				AD3EC9991C6D54B600A48753 /* Resources */,
			);
			buildRules = (
			);
			dependencies = (
				AD3EC99D1C6D54B600A48753 /* PBXTargetDependency */,
			);
			name = ejem1ploTests;
			productName = ejem1ploTests;
			productReference = AD3EC99B1C6D54B600A48753 /* ejem1ploTests.xctest */;
			productType = "com.apple.product-type.bundle.unit-test";
		};
		AD3EC9A51C6D54B600A48753 /* ejem1ploUITests */ = {
			isa = PBXNativeTarget;
			buildConfigurationList = AD3EC9B51C6D54B600A48753 /* Build configuration list for PBXNativeTarget "ejem1ploUITests" */;
			buildPhases = (
				AD3EC9A21C6D54B600A48753 /* Sources */,
				AD3EC9A31C6D54B600A48753 /* Frameworks */,
				AD3EC9A41C6D54B600A48753 /* Resources */,
			);
			buildRules = (
			);
			dependencies = (
				AD3EC9A81C6D54B600A48753 /* PBXTargetDependency */,
			);
			name = ejem1ploUITests;
			productName = ejem1ploUITests;
			productReference = AD3EC9A61C6D54B600A48753 /* ejem1ploUITests.xctest */;
			productType = "com.apple.product-type.bundle.ui-testing";
		};
/* End PBXNativeTarget section */

/* Begin PBXProject section */
		AD3EC97F1C6D54B600A48753 /* Project object */ = {
			isa = PBXProject;
			attributes = {
				LastSwiftUpdateCheck = 0720;
				LastUpgradeCheck = 0720;
				ORGANIZATIONNAME = ANDRES;
				TargetAttributes = {
					AD3EC9861C6D54B600A48753 = {
						CreatedOnToolsVersion = 7.2.1;
					};
					AD3EC99A1C6D54B600A48753 = {
						CreatedOnToolsVersion = 7.2.1;
						TestTargetID = AD3EC9861C6D54B600A48753;
					};
					AD3EC9A51C6D54B600A48753 = {
						CreatedOnToolsVersion = 7.2.1;
						TestTargetID = AD3EC9861C6D54B600A48753;
					};
				};
			};
			buildConfigurationList = AD3EC9821C6D54B600A48753 /* Build configuration list for PBXProject "ejem1plo" */;
			compatibilityVersion = "Xcode 3.2";
			developmentRegion = English;
			hasScannedForEncodings = 0;
			knownRegions = (
				en,
				Base,
			);
			mainGroup = AD3EC97E1C6D54B600A48753;
			productRefGroup = AD3EC9881C6D54B600A48753 /* Products */;
			projectDirPath = "";
			projectRoot = "";
			targets = (
				AD3EC9861C6D54B600A48753 /* ejem1plo */,
				AD3EC99A1C6D54B600A48753 /* ejem1ploTests */,
				AD3EC9A51C6D54B600A48753 /* ejem1ploUITests */,
			);
		};
/* End PBXProject section */

/* Begin PBXResourcesBuildPhase section */
		AD3EC9851C6D54B600A48753 /* Resources */ = {
			isa = PBXResourcesBuildPhase;
			buildActionMask = 2147483647;
			files = (
				AD3EC9951C6D54B600A48753 /* LaunchScreen.storyboard in Resources */,
				AD3EC9921C6D54B600A48753 /* Assets.xcassets in Resources */,
				AD3EC9901C6D54B600A48753 /* Main.storyboard in Resources */,
			);
			runOnlyForDeploymentPostprocessing = 0;
		};
		AD3EC9991C6D54B600A48753 /* Resources */ = {
			isa = PBXResourcesBuildPhase;
			buildActionMask = 2147483647;
			files = (
			);
			runOnlyForDeploymentPostprocessing = 0;
		};
		AD3EC9A41C6D54B600A48753 /* Resources */ = {
			isa = PBXResourcesBuildPhase;
			buildActionMask = 2147483647;
			files = (
			);
			runOnlyForDeploymentPostprocessing = 0;
		};
/* End PBXResourcesBuildPhase section */

/* Begin PBXSourcesBuildPhase section */
		AD3EC9831C6D54B600A48753 /* Sources */ = {
			isa = PBXSourcesBuildPhase;
			buildActionMask = 2147483647;
			files = (
				AD3EC98D1C6D54B600A48753 /* ViewController.swift in Sources */,
				AD3EC98B1C6D54B600A48753 /* AppDelegate.swift in Sources */,
			);
			runOnlyForDeploymentPostprocessing = 0;
		};
		AD3EC9971C6D54B600A48753 /* Sources */ = {
			isa = PBXSourcesBuildPhase;
			buildActionMask = 2147483647;
			files = (
				AD3EC9A01C6D54B600A48753 /* ejem1ploTests.swift in Sources */,
			);
			runOnlyForDeploymentPostprocessing = 0;
		};
		AD3EC9A21C6D54B600A48753 /* Sources */ = {
			isa = PBXSourcesBuildPhase;
			buildActionMask = 2147483647;
			files = (
				AD3EC9AB1C6D54B600A48753 /* ejem1ploUITests.swift in Sources */,
			);
			runOnlyForDeploymentPostprocessing = 0;
		};
/* End PBXSourcesBuildPhase section */

/* Begin PBXTargetDependency section */
		AD3EC99D1C6D54B600A48753 /* PBXTargetDependency */ = {
			isa = PBXTargetDependency;
			target = AD3EC9861C6D54B600A48753 /* ejem1plo */;
			targetProxy = AD3EC99C1C6D54B600A48753 /* PBXContainerItemProxy */;
		};
		AD3EC9A81C6D54B600A48753 /* PBXTargetDependency */ = {
			isa = PBXTargetDependency;
			target = AD3EC9861C6D54B600A48753 /* ejem1plo */;
			targetProxy = AD3EC9A71C6D54B600A48753 /* PBXContainerItemProxy */;
		};
/* End PBXTargetDependency section */

/* Begin PBXVariantGroup section */
		AD3EC98E1C6D54B600A48753 /* Main.storyboard */ = {
			isa = PBXVariantGroup;
			children = (
				AD3EC98F1C6D54B600A48753 /* Base */,
			);
			name = Main.storyboard;
			sourceTree = "<group>";
		};
		AD3EC9931C6D54B600A48753 /* LaunchScreen.storyboard */ = {
			isa = PBXVariantGroup;
			children = (
				AD3EC9941C6D54B600A48753 /* Base */,
			);
			name = LaunchScreen.storyboard;
			sourceTree = "<group>";
		};
/* End PBXVariantGroup section */

/* Begin XCBuildConfiguration section */
		AD3EC9AD1C6D54B600A48753 /* Debug */ = {
			isa = XCBuildConfiguration;
			buildSettings = {
				ALWAYS_SEARCH_USER_PATHS = NO;
				CLANG_CXX_LANGUAGE_STANDARD = "gnu++0x";
				CLANG_CXX_LIBRARY = "libc++";
				CLANG_ENABLE_MODULES = YES;
				CLANG_ENABLE_OBJC_ARC = YES;
				CLANG_WARN_BOOL_CONVERSION = YES;
				CLANG_WARN_CONSTANT_CONVERSION = YES;
				CLANG_WARN_DIRECT_OBJC_ISA_USAGE = YES_ERROR;
				CLANG_WARN_EMPTY_BODY = YES;
				CLANG_WARN_ENUM_CONVERSION = YES;
				CLANG_WARN_INT_CONVERSION = YES;
				CLANG_WARN_OBJC_ROOT_CLASS = YES_ERROR;
				CLANG_WARN_UNREACHABLE_CODE = YES;
				CLANG_WARN__DUPLICATE_METHOD_MATCH = YES;
				"CODE_SIGN_IDENTITY[sdk=iphoneos*]" = "iPhone Developer";
				COPY_PHASE_STRIP = NO;
				DEBUG_INFORMATION_FORMAT = dwarf;
				ENABLE_STRICT_OBJC_MSGSEND = YES;
				ENABLE_TESTABILITY = YES;
				GCC_C_LANGUAGE_STANDARD = gnu99;
				GCC_DYNAMIC_NO_PIC = NO;
				GCC_NO_COMMON_BLOCKS = YES;
				GCC_OPTIMIZATION_LEVEL = 0;
				GCC_PREPROCESSOR_DEFINITIONS = (
					"DEBUG=1",
					"$(inherited)",
				);
				GCC_WARN_64_TO_32_BIT_CONVERSION = YES;
				GCC_WARN_ABOUT_RETURN_TYPE = YES_ERROR;
				GCC_WARN_UNDECLARED_SELECTOR = YES;
				GCC_WARN_UNINITIALIZED_AUTOS = YES_AGGRESSIVE;
				GCC_WARN_UNUSED_FUNCTION = YES;
				GCC_WARN_UNUSED_VARIABLE = YES;
				IPHONEOS_DEPLOYMENT_TARGET = 9.2;
				MTL_ENABLE_DEBUG_INFO = YES;
				ONLY_ACTIVE_ARCH = YES;
				SDKROOT = iphoneos;
				SWIFT_OPTIMIZATION_LEVEL = "-Onone";
			};
			name = Debug;
		};
		AD3EC9AE1C6D54B600A48753 /* Release */ = {
			isa = XCBuildConfiguration;
			buildSettings = {
				ALWAYS_SEARCH_USER_PATHS = NO;
				CLANG_CXX_LANGUAGE_STANDARD = "gnu++0x";
				CLANG_CXX_LIBRARY = "libc++";
				CLANG_ENABLE_MODULES = YES;
				CLANG_ENABLE_OBJC_ARC = YES;
				CLANG_WARN_BOOL_CONVERSION = YES;
				CLANG_WARN_CONSTANT_CONVERSION = YES;
				CLANG_WARN_DIRECT_OBJC_ISA_USAGE = YES_ERROR;
				CLANG_WARN_EMPTY_BODY = YES;
				CLANG_WARN_ENUM_CONVERSION = YES;
				CLANG_WARN_INT_CONVERSION = YES;
				CLANG_WARN_OBJC_ROOT_CLASS = YES_ERROR;
				CLANG_WARN_UNREACHABLE_CODE = YES;
				CLANG_WARN__DUPLICATE_METHOD_MATCH = YES;
				"CODE_SIGN_IDENTITY[sdk=iphoneos*]" = "iPhone Developer";
				COPY_PHASE_STRIP = NO;
				DEBUG_INFORMATION_FORMAT = "dwarf-with-dsym";
				ENABLE_NS_ASSERTIONS = NO;
				ENABLE_STRICT_OBJC_MSGSEND = YES;
				GCC_C_LANGUAGE_STANDARD = gnu99;
				GCC_NO_COMMON_BLOCKS = YES;
				GCC_WARN_64_TO_32_BIT_CONVERSION = YES;
				GCC_WARN_ABOUT_RETURN_TYPE = YES_ERROR;
				GCC_WARN_UNDECLARED_SELECTOR = YES;
				GCC_WARN_UNINITIALIZED_AUTOS = YES_AGGRESSIVE;
				GCC_WARN_UNUSED_FUNCTION = YES;
				GCC_WARN_UNUSED_VARIABLE = YES;
				IPHONEOS_DEPLOYMENT_TARGET = 9.2;
				MTL_ENABLE_DEBUG_INFO = NO;
				SDKROOT = iphoneos;
				VALIDATE_PRODUCT = YES;
			};
			name = Release;
		};
		AD3EC9B01C6D54B600A48753 /* Debug */ = {
			isa = XCBuildConfiguration;
			buildSettings = {
				ASSETCATALOG_COMPILER_APPICON_NAME = AppIcon;
				INFOPLIST_FILE = ejem1plo/Info.plist;
				LD_RUNPATH_SEARCH_PATHS = "$(inherited) @executable_path/Frameworks";
				PRODUCT_BUNDLE_IDENTIFIER = dsf.ejem1plo;
				PRODUCT_NAME = "$(TARGET_NAME)";
			};
			name = Debug;
		};
		AD3EC9B11C6D54B600A48753 /* Release */ = {
			isa = XCBuildConfiguration;
			buildSettings = {
				ASSETCATALOG_COMPILER_APPICON_NAME = AppIcon;
				INFOPLIST_FILE = ejem1plo/Info.plist;
				LD_RUNPATH_SEARCH_PATHS = "$(inherited) @executable_path/Frameworks";
				PRODUCT_BUNDLE_IDENTIFIER = dsf.ejem1plo;
				PRODUCT_NAME = "$(TARGET_NAME)";
			};
			name = Release;
		};
		AD3EC9B31C6D54B600A48753 /* Debug */ = {
			isa = XCBuildConfiguration;
			buildSettings = {
				BUNDLE_LOADER = "$(TEST_HOST)";
				INFOPLIST_FILE = ejem1ploTests/Info.plist;
				LD_RUNPATH_SEARCH_PATHS = "$(inherited) @executable_path/Frameworks @loader_path/Frameworks";
				PRODUCT_BUNDLE_IDENTIFIER = dsf.ejem1ploTests;
				PRODUCT_NAME = "$(TARGET_NAME)";
				TEST_HOST = "$(BUILT_PRODUCTS_DIR)/ejem1plo.app/ejem1plo";
			};
			name = Debug;
		};
		AD3EC9B41C6D54B600A48753 /* Release */ = {
			isa = XCBuildConfiguration;
			buildSettings = {
				BUNDLE_LOADER = "$(TEST_HOST)";
				INFOPLIST_FILE = ejem1ploTests/Info.plist;
				LD_RUNPATH_SEARCH_PATHS = "$(inherited) @executable_path/Frameworks @loader_path/Frameworks";
				PRODUCT_BUNDLE_IDENTIFIER = dsf.ejem1ploTests;
				PRODUCT_NAME = "$(TARGET_NAME)";
				TEST_HOST = "$(BUILT_PRODUCTS_DIR)/ejem1plo.app/ejem1plo";
			};
			name = Release;
		};
		AD3EC9B61C6D54B600A48753 /* Debug */ = {
			isa = XCBuildConfiguration;
			buildSettings = {
				INFOPLIST_FILE = ejem1ploUITests/Info.plist;
				LD_RUNPATH_SEARCH_PATHS = "$(inherited) @executable_path/Frameworks @loader_path/Frameworks";
				PRODUCT_BUNDLE_IDENTIFIER = dsf.ejem1ploUITests;
				PRODUCT_NAME = "$(TARGET_NAME)";
				TEST_TARGET_NAME = ejem1plo;
				USES_XCTRUNNER = YES;
			};
			name = Debug;
		};
		AD3EC9B71C6D54B600A48753 /* Release */ = {
			isa = XCBuildConfiguration;
			buildSettings = {
				INFOPLIST_FILE = ejem1ploUITests/Info.plist;
				LD_RUNPATH_SEARCH_PATHS = "$(inherited) @executable_path/Frameworks @loader_path/Frameworks";
				PRODUCT_BUNDLE_IDENTIFIER = dsf.ejem1ploUITests;
				PRODUCT_NAME = "$(TARGET_NAME)";
				TEST_TARGET_NAME = ejem1plo;
				USES_XCTRUNNER = YES;
			};
			name = Release;
		};
/* End XCBuildConfiguration section */

/* Begin XCConfigurationList section */
		AD3EC9821C6D54B600A48753 /* Build configuration list for PBXProject "ejem1plo" */ = {
			isa = XCConfigurationList;
			buildConfigurations = (
				AD3EC9AD1C6D54B600A48753 /* Debug */,
				AD3EC9AE1C6D54B600A48753 /* Release */,
			);
			defaultConfigurationIsVisible = 0;
			defaultConfigurationName = Release;
		};
		AD3EC9AF1C6D54B600A48753 /* Build configuration list for PBXNativeTarget "ejem1plo" */ = {
			isa = XCConfigurationList;
			buildConfigurations = (
				AD3EC9B01C6D54B600A48753 /* Debug */,
				AD3EC9B11C6D54B600A48753 /* Release */,
			);
			defaultConfigurationIsVisible = 0;
		};
		AD3EC9B21C6D54B600A48753 /* Build configuration list for PBXNativeTarget "ejem1ploTests" */ = {
			isa = XCConfigurationList;
			buildConfigurations = (
				AD3EC9B31C6D54B600A48753 /* Debug */,
				AD3EC9B41C6D54B600A48753 /* Release */,
			);
			defaultConfigurationIsVisible = 0;
		};
		AD3EC9B51C6D54B600A48753 /* Build configuration list for PBXNativeTarget "ejem1ploUITests" */ = {
			isa = XCConfigurationList;
			buildConfigurations = (
				AD3EC9B61C6D54B600A48753 /* Debug */,
				AD3EC9B71C6D54B600A48753 /* Release */,
			);
			defaultConfigurationIsVisible = 0;
		};
/* End XCConfigurationList section */
	};
	rootObject = AD3EC97F1C6D54B600A48753 /* Project object */;
}
